PODS:
  - AMapFoundation (1.6.4)
  - AMapNavi (7.6.0):
    - AMapFoundation (~> 1.6.4)

DEPENDENCIES:
  - AMapNavi

SPEC REPOS:
  trunk:
    - AMapFoundation
    - AMapNavi

SPEC CHECKSUMS:
  AMapFoundation: 3638198dfa40be54648570c3520edefad288286b
  AMapNavi: ca9fe7272aff9cede055e4cbfcb462d5a4896f8a

PODFILE CHECKSUM: f6ad27d7a232bbb1229a5ceff2f8c242a84ca9ab

COCOAPODS: 1.9.3
