PODS:
  - AMapFoundation (1.6.3)
  - AMapNavi (7.4.0):
    - AMapFoundation (~> 1.6.3)

DEPENDENCIES:
  - AMapNavi

SPEC REPOS:
  trunk:
    - AMapFoundation
    - AMapNavi

SPEC CHECKSUMS:
  AMapFoundation: 9ed923193b357ebb30a073e9fe255d3c24054d5a
  AMapNavi: fb36f9052867d33254a9a168b77952d1aa74e965

PODFILE CHECKSUM: f6ad27d7a232bbb1229a5ceff2f8c242a84ca9ab

COCOAPODS: 1.9.3
